{
  "name": "@telegraf-hardened/types",
  "version": "10.3.1",
  "lockfileVersion": 3,
  "requires": true,
  "packages": {
    "": {
      "name": "@telegraf-hardened/types",
      "version": "10.3.1",
      "license": "MIT",
      "devDependencies": {
        "deno": "2.2.7",
        "typescript": "5.9.3"
      }
    },
    "node_modules/@deno/darwin-arm64": {
      "version": "2.2.7",
      "resolved": "https://registry.npmjs.org/@deno/darwin-arm64/-/darwin-arm64-2.2.7.tgz",
      "integrity": "sha512-HBzQBQnM3UZRo06Uv/Wp6wNkIdFjvpfCem8sxlg37hucZoVRLuIJOGhLSU43mQHEPB1u1kS94qiyQyXKCCsR/w==",
      "cpu": [
        "arm64"
      ],
      "dev": true,
      "license": "MIT",
      "optional": true,
      "os": [
        "darwin"
      ]
    },
    "node_modules/@deno/darwin-x64": {
      "version": "2.2.7",
      "resolved": "https://registry.npmjs.org/@deno/darwin-x64/-/darwin-x64-2.2.7.tgz",
      "integrity": "sha512-0n+xOTgPXtprlXryVRt526SsV6YikZf8Bkd//L7tOOEDvORTk3OPY6Fy6oPvi7a6o1OuMjozQolyw9I5CyTmPA==",
      "cpu": [
        "x64"
      ],
      "dev": true,
      "license": "MIT",
      "optional": true,
      "os": [
        "darwin"
      ]
    },
    "node_modules/@deno/linux-arm64-glibc": {
      "version": "2.2.7",
      "resolved": "https://registry.npmjs.org/@deno/linux-arm64-glibc/-/linux-arm64-glibc-2.2.7.tgz",
      "integrity": "sha512-0ImVlUGV4ocRNECafcZyENVdbIkjiJ7e3O4XwvJOCcHXgc/NoDD26sTLtHNr9O/v4u6uilA+tVSUusZSsTEWLg==",
      "cpu": [
        "arm64"
      ],
      "dev": true,
      "libc": [
        "glibc"
      ],
      "license": "MIT",
      "optional": true,
      "os": [
        "linux"
      ]
    },
    "node_modules/@deno/linux-x64-glibc": {
      "version": "2.2.7",
      "resolved": "https://registry.npmjs.org/@deno/linux-x64-glibc/-/linux-x64-glibc-2.2.7.tgz",
      "integrity": "sha512-WEq4zeLbXlHvUiTwJ8pkEMLvtVqpPEXMoZGAgmSW9RWr1Q4bKiW7nR5WP3nkybulJubgYKSjbRcE4QzlwuPsgw==",
      "cpu": [
        "x64"
      ],
      "dev": true,
      "libc": [
        "glibc"
      ],
      "license": "MIT",
      "optional": true,
      "os": [
        "linux"
      ]
    },
    "node_modules/@deno/win32-arm64": {
      "version": "2.2.7",
      "resolved": "https://registry.npmjs.org/@deno/win32-arm64/-/win32-arm64-2.2.7.tgz",
      "integrity": "sha512-Orx5G96eFisrsqeu7BWRiUliuVbn/Wxw9RkOcBE2N8NGTqyZTwlYzHhyK461KiMFoC+KDMbZ7Xzw+Ph98rIA4w==",
      "cpu": [
        "arm64"
      ],
      "dev": true,
      "license": "MIT",
      "optional": true,
      "os": [
        "win32"
      ]
    },
    "node_modules/@deno/win32-x64": {
      "version": "2.2.7",
      "resolved": "https://registry.npmjs.org/@deno/win32-x64/-/win32-x64-2.2.7.tgz",
      "integrity": "sha512-eCnrGgZu5GCKY5JyUGif/SnOkUplL0E5Y7SoBtg7Lc4UC/gUOcUJ9rvVM+9R1igEFW6q65jA7KNOrH4ZJ7Xd1g==",
      "cpu": [
        "x64"
      ],
      "dev": true,
      "license": "MIT",
      "optional": true,
      "os": [
        "win32"
      ]
    },
    "node_modules/deno": {
      "version": "2.2.7",
      "resolved": "https://registry.npmjs.org/deno/-/deno-2.2.7.tgz",
      "integrity": "sha512-c9G4qeJvIVdL4BTlgZocvA/mzT5AcYyyFc8FqhVkF7CvpP8up97n91ph8gzw/ZxssBMRXI42BhrNcClusivh9g==",
      "dev": true,
      "hasInstallScript": true,
      "license": "MIT",
      "bin": {
        "deno": "bin.cjs"
      },
      "optionalDependencies": {
        "@deno/darwin-arm64": "2.2.7",
        "@deno/darwin-x64": "2.2.7",
        "@deno/linux-arm64-glibc": "2.2.7",
        "@deno/linux-x64-glibc": "2.2.7",
        "@deno/win32-arm64": "2.2.7",
        "@deno/win32-x64": "2.2.7"
      }
    },
    "node_modules/typescript": {
      "version": "5.9.3",
      "resolved": "https://registry.npmjs.org/typescript/-/typescript-5.9.3.tgz",
      "integrity": "sha512-jl1vZzPDinLr9eUt3J/t7V6FgNEw9QjvBPdysz9KfQDD41fQrC2Y4vKQdiaUpFT4bXlb1RHhLpp8wtm6M5TgSw==",
      "dev": true,
      "license": "Apache-2.0",
      "bin": {
        "tsc": "bin/tsc",
        "tsserver": "bin/tsserver"
      },
      "engines": {
        "node": ">=14.17"
      }
    }
  }
}
